
Microsoft Visual Studio Solution File, Format Version 12.00
# Visual Studio Version 17
VisualStudioVersion = 17.11.35219.272
MinimumVisualStudioVersion = 10.0.40219.1
Project("{8BC9CEB8-8B4A-11D0-8D11-00A0C91BC942}") = "CS210_clock", "CS210_clock.vcxproj", "{23C18CAB-A1DC-4556-B1E4-C19D0E8ADD28}"
EndProject
Global
	GlobalSection(SolutionConfigurationPlatforms) = preSolution
		Debug|x64 = Debug|x64
		Debug|x86 = Debug|x86
		Release|x64 = Release|x64
		Release|x86 = Release|x86
	EndGlobalSection
	GlobalSection(ProjectConfigurationPlatforms) = postSolution
		{23C18CAB-A1DC-4556-B1E4-C19D0E8ADD28}.Debug|x64.ActiveCfg = Debug|x64
		{23C18CAB-A1DC-4556-B1E4-C19D0E8ADD28}.Debug|x64.Build.0 = Debug|x64
		{23C18CAB-A1DC-4556-B1E4-C19D0E8ADD28}.Debug|x86.ActiveCfg = Debug|Win32
		{23C18CAB-A1DC-4556-B1E4-C19D0E8ADD28}.Debug|x86.Build.0 = Debug|Win32
		{23C18CAB-A1DC-4556-B1E4-C19D0E8ADD28}.Release|x64.ActiveCfg = Release|x64
		{23C18CAB-A1DC-4556-B1E4-C19D0E8ADD28}.Release|x64.Build.0 = Release|x64
		{23C18CAB-A1DC-4556-B1E4-C19D0E8ADD28}.Release|x86.ActiveCfg = Release|Win32
		{23C18CAB-A1DC-4556-B1E4-C19D0E8ADD28}.Release|x86.Build.0 = Release|Win32
	EndGlobalSection
	GlobalSection(SolutionProperties) = preSolution
		HideSolutionNode = FALSE
	EndGlobalSection
	GlobalSection(ExtensibilityGlobals) = postSolution
		SolutionGuid = {336C10A5-7591-4A91-B470-C310A145A4A5}
	EndGlobalSection
EndGlobal
